
Microsoft Visual Studio Solution File, Format Version 12.00
# Visual Studio 15
VisualStudioVersion = 15.0.28307.705
MinimumVisualStudioVersion = 10.0.40219.1
Project("{8BC9CEB8-8B4A-11D0-8D11-00A0C91BC942}") = "Armor", "Armor.vcxproj", "{A8928D1A-F154-4D06-8D02-A8104D79B35E}"
EndProject
Global
	GlobalSection(Performance) = preSolution
		HasPerformanceSessions = true
	EndGlobalSection
	GlobalSection(SolutionConfigurationPlatforms) = preSolution
		Debug|x64 = Debug|x64
		Debug|x86 = Debug|x86
		Release|x64 = Release|x64
		Release|x86 = Release|x86
	EndGlobalSection
	GlobalSection(ProjectConfigurationPlatforms) = postSolution
		{A8928D1A-F154-4D06-8D02-A8104D79B35E}.Debug|x64.ActiveCfg = Debug|x64
		{A8928D1A-F154-4D06-8D02-A8104D79B35E}.Debug|x64.Build.0 = Debug|x64
		{A8928D1A-F154-4D06-8D02-A8104D79B35E}.Debug|x86.ActiveCfg = Debug|Win32
		{A8928D1A-F154-4D06-8D02-A8104D79B35E}.Debug|x86.Build.0 = Debug|Win32
		{A8928D1A-F154-4D06-8D02-A8104D79B35E}.Release|x64.ActiveCfg = Release|x64
		{A8928D1A-F154-4D06-8D02-A8104D79B35E}.Release|x64.Build.0 = Release|x64
		{A8928D1A-F154-4D06-8D02-A8104D79B35E}.Release|x86.ActiveCfg = Release|Win32
		{A8928D1A-F154-4D06-8D02-A8104D79B35E}.Release|x86.Build.0 = Release|Win32
	EndGlobalSection
	GlobalSection(SolutionProperties) = preSolution
		HideSolutionNode = FALSE
	EndGlobalSection
	GlobalSection(ExtensibilityGlobals) = postSolution
		SolutionGuid = {DBD2D39D-5644-4D46-B335-0A020F0B2379}
	EndGlobalSection
	GlobalSection(Performance) = preSolution
		HasPerformanceSessions = true
	EndGlobalSection
EndGlobal
